
Microsoft Visual Studio Solution File, Format Version 12.00
# Visual Studio Version 16
VisualStudioVersion = 16.0.30804.86
MinimumVisualStudioVersion = 10.0.40219.1
Project("{FAE04EC0-301F-11D3-BF4B-00C04F79EFBC}") = "Week3Day1", "Week3Day1\Week3Day1.csproj", "{1EB2A785-ECDC-4266-A9DB-164068ECD2F7}"
EndProject
Global
	GlobalSection(SolutionConfigurationPlatforms) = preSolution
		Debug|Any CPU = Debug|Any CPU
		Release|Any CPU = Release|Any CPU
	EndGlobalSection
	GlobalSection(ProjectConfigurationPlatforms) = postSolution
		{1EB2A785-ECDC-4266-A9DB-164068ECD2F7}.Debug|Any CPU.ActiveCfg = Debug|Any CPU
		{1EB2A785-ECDC-4266-A9DB-164068ECD2F7}.Debug|Any CPU.Build.0 = Debug|Any CPU
		{1EB2A785-ECDC-4266-A9DB-164068ECD2F7}.Release|Any CPU.ActiveCfg = Release|Any CPU
		{1EB2A785-ECDC-4266-A9DB-164068ECD2F7}.Release|Any CPU.Build.0 = Release|Any CPU
	EndGlobalSection
	GlobalSection(SolutionProperties) = preSolution
		HideSolutionNode = FALSE
	EndGlobalSection
	GlobalSection(ExtensibilityGlobals) = postSolution
		SolutionGuid = {2EF946AF-9C94-44B8-89C9-1F61A36A5B10}
	EndGlobalSection
EndGlobal
